# This file was autogenerated by Stack.
# You should not edit this file by hand.
# For more information, please see the documentation at:
#   https://docs.haskellstack.org/en/stable/lock_files

packages:
- completed:
    hackage: megaparsec-9.6.1@sha256:8d8f8ee5aca5d5c16aa4219afd13687ceab8be640f40ba179359f2b42a628241,3323
    pantry-tree:
      sha256: ac654040a2402a733496678905ee17198bf628d75032dd025d595bd329739af8
      size: 1545
  original:
    hackage: megaparsec-9.6.1
- completed:
    hackage: case-insensitive-1.2.1.0@sha256:9dfd3171fc7698cf8d931727d3af3a7b389135b583e46b5adac1f9d2026fff61,2244
    pantry-tree:
      sha256: d6f175b17eacce002fc5336c17e119d989bd97f8ad9702446163c9e27c7c79b7
      size: 688
  original:
    hackage: case-insensitive-1.2.1.0
- completed:
    hackage: parser-combinators-1.3.0@sha256:8659573e0d443d573f5b53f81b81dafbdc988d282b90c11e3da73562b4ea7876,1640
    pantry-tree:
      sha256: 4e23178c63f624bbe16342a9b3cfb4afdddee393ce0beec9b19cce0a0345a080
      size: 795
  original:
    hackage: parser-combinators-1.3.0
- completed:
    hackage: scientific-0.3.8.0@sha256:acb4a24641487f230dda24383d9f7d1737a178ccc812373bc8c14f2b0378795e,4358
    pantry-tree:
      sha256: 178bbe09cb2d2a4cc4d590efeb77d7b400837ec8c1a11e2d21d93345d5f661e9
      size: 657
  original:
    hackage: scientific-0.3.8.0
- completed:
    hackage: hashable-1.4.4.0@sha256:ae22238274c572aa91e90c6c353e7206386708912ac5e6dc40ac61d1dcc553db,5216
    pantry-tree:
      sha256: cd91ec6f09475d2d0b2cf49565a488c21694be0d46bf29565f9258f5f41a3a84
      size: 1249
  original:
    hackage: hashable-1.4.4.0
- completed:
    hackage: integer-logarithms-1.0.3.1@sha256:0595a16d458c9c5caa425dc8ebbeb5d9adffb0c8daf4720c1d93dfcfc31dd690,3295
    pantry-tree:
      sha256: fbb007f314c82d96a33dda0dfb2c3fb010347809942feb08b26f47acdefcf256
      size: 865
  original:
    hackage: integer-logarithms-1.0.3.1
- completed:
    hackage: primitive-0.9.0.0@sha256:2e08c5409e3559c7f1669ef50e9a0d9a397e68ecf51110d5e2cedf05cdd7d93c,3171
    pantry-tree:
      sha256: a862f3979a8ed2ae047287de3c7376f749ee97d5a27c9c55a4c6d94ffb7d1601
      size: 1793
  original:
    hackage: primitive-0.9.0.0
- completed:
    hackage: os-string-2.0.3@sha256:4d4186bb8d711435765253c7dc076c44a1d52896300689507ba135706ab35866,3259
    pantry-tree:
      sha256: 03ad16c66fa3aba3e6080819d904529c6cb942ef2f99e7b42830fea8b918a7e9
      size: 2217
  original:
    hackage: os-string-2.0.3
snapshots: []
